
Microsoft Visual Studio Solution File, Format Version 12.00
# Visual Studio 15
VisualStudioVersion = 15.0.27130.2003
MinimumVisualStudioVersion = 10.0.40219.1
Project("{FAE04EC0-301F-11D3-BF4B-00C04F79EFBC}") = "InventoryManagement", "InventoryManagement\InventoryManagement.csproj", "{8B8090E3-8A19-4321-B846-9E1723AEE2F1}"
EndProject
Project("{FAE04EC0-301F-11D3-BF4B-00C04F79EFBC}") = "InventoryManagement.BLL", "InventoryManagement.BLL\InventoryManagement.BLL.csproj", "{BA3D637C-A87E-4307-8415-CDD50398F600}"
EndProject
Project("{FAE04EC0-301F-11D3-BF4B-00C04F79EFBC}") = "InventoryManagement.DAL", "InventoryManagement.DAL\InventoryManagement.DAL.csproj", "{B38C8878-D181-43E0-A33B-854D8640752E}"
EndProject
Project("{FAE04EC0-301F-11D3-BF4B-00C04F79EFBC}") = "InventoryManagement.BO", "InventoryManagement.BO\InventoryManagement.BO.csproj", "{8170E65E-D441-40DB-B310-37EF36EA37BD}"
EndProject
Project("{FAE04EC0-301F-11D3-BF4B-00C04F79EFBC}") = "InventoryManagement.Tests", "InventoryManagement.Tests\InventoryManagement.Tests.csproj", "{F478F38B-6C71-4438-947F-7A8C9EFF580B}"
EndProject
Global
	GlobalSection(SolutionConfigurationPlatforms) = preSolution
		Debug|Any CPU = Debug|Any CPU
		Release|Any CPU = Release|Any CPU
	EndGlobalSection
	GlobalSection(ProjectConfigurationPlatforms) = postSolution
		{8B8090E3-8A19-4321-B846-9E1723AEE2F1}.Debug|Any CPU.ActiveCfg = Debug|Any CPU
		{8B8090E3-8A19-4321-B846-9E1723AEE2F1}.Debug|Any CPU.Build.0 = Debug|Any CPU
		{8B8090E3-8A19-4321-B846-9E1723AEE2F1}.Release|Any CPU.ActiveCfg = Release|Any CPU
		{8B8090E3-8A19-4321-B846-9E1723AEE2F1}.Release|Any CPU.Build.0 = Release|Any CPU
		{BA3D637C-A87E-4307-8415-CDD50398F600}.Debug|Any CPU.ActiveCfg = Debug|Any CPU
		{BA3D637C-A87E-4307-8415-CDD50398F600}.Debug|Any CPU.Build.0 = Debug|Any CPU
		{BA3D637C-A87E-4307-8415-CDD50398F600}.Release|Any CPU.ActiveCfg = Release|Any CPU
		{BA3D637C-A87E-4307-8415-CDD50398F600}.Release|Any CPU.Build.0 = Release|Any CPU
		{B38C8878-D181-43E0-A33B-854D8640752E}.Debug|Any CPU.ActiveCfg = Debug|Any CPU
		{B38C8878-D181-43E0-A33B-854D8640752E}.Debug|Any CPU.Build.0 = Debug|Any CPU
		{B38C8878-D181-43E0-A33B-854D8640752E}.Release|Any CPU.ActiveCfg = Release|Any CPU
		{B38C8878-D181-43E0-A33B-854D8640752E}.Release|Any CPU.Build.0 = Release|Any CPU
		{8170E65E-D441-40DB-B310-37EF36EA37BD}.Debug|Any CPU.ActiveCfg = Debug|Any CPU
		{8170E65E-D441-40DB-B310-37EF36EA37BD}.Debug|Any CPU.Build.0 = Debug|Any CPU
		{8170E65E-D441-40DB-B310-37EF36EA37BD}.Release|Any CPU.ActiveCfg = Release|Any CPU
		{8170E65E-D441-40DB-B310-37EF36EA37BD}.Release|Any CPU.Build.0 = Release|Any CPU
		{F478F38B-6C71-4438-947F-7A8C9EFF580B}.Debug|Any CPU.ActiveCfg = Debug|Any CPU
		{F478F38B-6C71-4438-947F-7A8C9EFF580B}.Debug|Any CPU.Build.0 = Debug|Any CPU
		{F478F38B-6C71-4438-947F-7A8C9EFF580B}.Release|Any CPU.ActiveCfg = Release|Any CPU
		{F478F38B-6C71-4438-947F-7A8C9EFF580B}.Release|Any CPU.Build.0 = Release|Any CPU
	EndGlobalSection
	GlobalSection(SolutionProperties) = preSolution
		HideSolutionNode = FALSE
	EndGlobalSection
	GlobalSection(ExtensibilityGlobals) = postSolution
		SolutionGuid = {26E3BF5E-B468-4E13-BAD3-090613DC40E2}
	EndGlobalSection
EndGlobal
